{
  "nodes": {
    "agenix": {
      "inputs": {
        "nixpkgs": "nixpkgs"
      },
      "locked": {
        "lastModified": 1638837456,
        "narHash": "sha256-WHLOxthAGx/wXw3QUa/lFE3mr6cQtnXfFYZ0DNyYwt4=",
        "owner": "ryantm",
        "repo": "agenix",
        "rev": "57806bf7e340f4cae705c91748d4fdf8519293a9",
        "type": "github"
      },
      "original": {
        "owner": "ryantm",
        "repo": "agenix",
        "type": "github"
      }
    },
    "emacs-overlay": {
      "locked": {
        "lastModified": 1639938179,
        "narHash": "sha256-bQlKQywbfLgBaxlYm3vo13bixFTSWwpPesgueQFT4/A=",
        "owner": "nix-community",
        "repo": "emacs-overlay",
        "rev": "18a1276506aedee059671415cce1a87381fceaec",
        "type": "github"
      },
      "original": {
        "owner": "nix-community",
        "repo": "emacs-overlay",
        "type": "github"
      }
    },
    "fenix": {
      "inputs": {
        "nixpkgs": [
          "statix",
          "nixpkgs"
        ],
        "rust-analyzer-src": "rust-analyzer-src"
      },
      "locked": {
        "lastModified": 1638080655,
        "narHash": "sha256-ZPx8e8CukEBx31IcgivAWnN9Jg0r+LTBPHV7fREf+QI=",
        "owner": "nix-community",
        "repo": "fenix",
        "rev": "78a0c55b6f9d8bb6f3b89eb995fa5bbdd73e9475",
        "type": "github"
      },
      "original": {
        "owner": "nix-community",
        "repo": "fenix",
        "type": "github"
      }
    },
    "flake-utils": {
      "locked": {
        "lastModified": 1629481132,
        "narHash": "sha256-JHgasjPR0/J1J3DRm4KxM4zTyAj4IOJY8vIl75v/kPI=",
        "owner": "numtide",
        "repo": "flake-utils",
        "rev": "997f7efcb746a9c140ce1f13c72263189225f482",
        "type": "github"
      },
      "original": {
        "owner": "numtide",
        "repo": "flake-utils",
        "type": "github"
      }
    },
    "forgit-git": {
      "flake": false,
      "locked": {
        "lastModified": 1638746453,
        "narHash": "sha256-S/alL3CiyedJ8aGhC2Vg9fmLJYcLxDe4EjQns5dZkKM=",
        "owner": "wfxr",
        "repo": "forgit",
        "rev": "7b26cd46ac768af51b8dd4b84b6567c4e1c19642",
        "type": "github"
      },
      "original": {
        "owner": "wfxr",
        "repo": "forgit",
        "type": "github"
      }
    },
    "gitignore": {
      "inputs": {
        "nixpkgs": [
          "statix",
          "nixpkgs"
        ]
      },
      "locked": {
        "lastModified": 1635165013,
        "narHash": "sha256-o/BdVjNwcB6jOmzZjOH703BesSkkS5O7ej3xhyO8hAY=",
        "owner": "hercules-ci",
        "repo": "gitignore.nix",
        "rev": "5b9e0ff9d3b551234b4f3eb3983744fa354b17f1",
        "type": "github"
      },
      "original": {
        "owner": "hercules-ci",
        "repo": "gitignore.nix",
        "type": "github"
      }
    },
    "home-manager": {
      "inputs": {
        "nixpkgs": "nixpkgs_2"
      },
      "locked": {
        "lastModified": 1639891275,
        "narHash": "sha256-2IMLVTtOHV9kBsirGPRpo8NE48Mjq20iXN7l7uy0YjE=",
        "owner": "nix-community",
        "repo": "home-manager",
        "rev": "3db603677509eb0b8c396a3234b1d4b70d023894",
        "type": "github"
      },
      "original": {
        "owner": "nix-community",
        "repo": "home-manager",
        "type": "github"
      }
    },
    "nixpkgs": {
      "locked": {
        "lastModified": 1618628710,
        "narHash": "sha256-9xIoU+BrCpjs5nfWcd/GlU7XCVdnNKJPffoNTxgGfhs=",
        "path": "/nix/store/z1rf17q0fxj935cmplzys4gg6nxj1as0-source",
        "rev": "7919518f0235106d050c77837df5e338fb94de5d",
        "type": "path"
      },
      "original": {
        "id": "nixpkgs",
        "type": "indirect"
      }
    },
    "nixpkgs_2": {
      "locked": {
        "lastModified": 1639925673,
        "narHash": "sha256-hR/d0JcT11z6Bi69ipowMtvRye7OymVfDw1/wwVBWnc=",
        "owner": "NixOS",
        "repo": "nixpkgs",
        "rev": "c62eb9c6aea5ae8210dd86ff24fa6b51f8872db7",
        "type": "github"
      },
      "original": {
        "id": "nixpkgs",
        "type": "indirect"
      }
    },
    "nixpkgs_3": {
      "locked": {
        "lastModified": 1639876010,
        "narHash": "sha256-naGsoUfsY92NaIGiFI8XFXBnesw8BQGe694xcfaLMDI=",
        "owner": "nixos",
        "repo": "nixpkgs",
        "rev": "395879c28386e1abf20c7ecacd45880759548391",
        "type": "github"
      },
      "original": {
        "owner": "nixos",
        "ref": "nixos-unstable",
        "repo": "nixpkgs",
        "type": "github"
      }
    },
    "nixpkgs_4": {
      "locked": {
        "lastModified": 1638036523,
        "narHash": "sha256-ZL6gogsuBmhBvIro+YwRKrypYhwVPCOOO7FmhOV/xyE=",
        "owner": "nixos",
        "repo": "nixpkgs",
        "rev": "9c191ebcdfe917043195c54ab6ae8e934434fe7b",
        "type": "github"
      },
      "original": {
        "owner": "nixos",
        "ref": "nixpkgs-unstable",
        "repo": "nixpkgs",
        "type": "github"
      }
    },
    "nur": {
      "locked": {
        "lastModified": 1639935541,
        "narHash": "sha256-k9sV3L9dQjI/WMW49MjiwWflwFJfbHQSvSCJZMtmVDo=",
        "owner": "nix-community",
        "repo": "NUR",
        "rev": "fa378359b00e26bf4aecccb85ab4d1b998f3daeb",
        "type": "github"
      },
      "original": {
        "owner": "nix-community",
        "repo": "NUR",
        "type": "github"
      }
    },
    "picom": {
      "flake": false,
      "locked": {
        "lastModified": 1606582992,
        "narHash": "sha256-R+YUGBrLst6CpUgG9VCwaZ+LiBSDWTp0TLt1Ou4xmpQ=",
        "owner": "jonaburg",
        "repo": "picom",
        "rev": "a8445684fe18946604848efb73ace9457b29bf80",
        "type": "github"
      },
      "original": {
        "owner": "jonaburg",
        "repo": "picom",
        "type": "github"
      }
    },
    "root": {
      "inputs": {
        "agenix": "agenix",
        "emacs-overlay": "emacs-overlay",
        "forgit-git": "forgit-git",
        "home-manager": "home-manager",
        "nixpkgs": "nixpkgs_3",
        "nur": "nur",
        "picom": "picom",
        "stable": "stable",
        "statix": "statix",
        "utils": "utils"
      }
    },
    "rust-analyzer-src": {
      "flake": false,
      "locked": {
        "lastModified": 1638036899,
        "narHash": "sha256-vh7z8jupVxXPOko3sWUsOB7eji/7lKfwJ/CE3iw97Sw=",
        "owner": "rust-analyzer",
        "repo": "rust-analyzer",
        "rev": "d9b2291f546abc77d24499339a72a89127464b95",
        "type": "github"
      },
      "original": {
        "owner": "rust-analyzer",
        "ref": "nightly",
        "repo": "rust-analyzer",
        "type": "github"
      }
    },
    "stable": {
      "locked": {
        "lastModified": 1639891440,
        "narHash": "sha256-FJxa6ObwOQKZy3VhwN5bJRzX+MV/Yq9WLHK/4jlPKrs=",
        "owner": "nixos",
        "repo": "nixpkgs",
        "rev": "e6377ff35544226392b49fa2cf05590f9f0c4b43",
        "type": "github"
      },
      "original": {
        "owner": "nixos",
        "ref": "nixos-21.11",
        "repo": "nixpkgs",
        "type": "github"
      }
    },
    "statix": {
      "inputs": {
        "fenix": "fenix",
        "gitignore": "gitignore",
        "nixpkgs": "nixpkgs_4"
      },
      "locked": {
        "lastModified": 1639455627,
        "narHash": "sha256-vqGwh1AndJAG4lpHtRhfkvu+yAoo0Qxym0c6Imr7StA=",
        "owner": "nerdypepper",
        "repo": "statix",
        "rev": "94a2edf57340ac3f3a2276c88a221ba3125172af",
        "type": "github"
      },
      "original": {
        "owner": "nerdypepper",
        "repo": "statix",
        "type": "github"
      }
    },
    "utils": {
      "inputs": {
        "flake-utils": "flake-utils"
      },
      "locked": {
        "lastModified": 1630860118,
        "narHash": "sha256-JwLcC/zRR6ypk4/Ks7plWBvThYoLhURaH2zvjuWVmyA=",
        "owner": "gytis-ivaskevicius",
        "repo": "flake-utils-plus",
        "rev": "813281281363ec45af155c8d2ceb7c5132d4de45",
        "type": "github"
      },
      "original": {
        "owner": "gytis-ivaskevicius",
        "ref": "1.3.0",
        "repo": "flake-utils-plus",
        "type": "github"
      }
    }
  },
  "root": "root",
  "version": 7
}
