{
  "nodes": {
    "agenix": {
      "inputs": {
        "nixpkgs": "nixpkgs"
      },
      "locked": {
        "lastModified": 1641576265,
        "narHash": "sha256-G4W39k5hdu2kS13pi/RhyTOySAo7rmrs7yMUZRH0OZI=",
        "owner": "ryantm",
        "repo": "agenix",
        "rev": "08b9c96878b2f9974fc8bde048273265ad632357",
        "type": "github"
      },
      "original": {
        "owner": "ryantm",
        "repo": "agenix",
        "type": "github"
      }
    },
    "emacs-overlay": {
      "locked": {
        "lastModified": 1643020612,
        "narHash": "sha256-19Brzzu2M7AvufZ+MU0m6jUXYl7+IX6NR0nM0OEx+5w=",
        "owner": "nix-community",
        "repo": "emacs-overlay",
        "rev": "dcdd04c92e9175c82087536fcde3daae21837a75",
        "type": "github"
      },
      "original": {
        "owner": "nix-community",
        "repo": "emacs-overlay",
        "type": "github"
      }
    },
    "fenix": {
      "inputs": {
        "nixpkgs": "nixpkgs_4",
        "rust-analyzer-src": "rust-analyzer-src"
      },
      "locked": {
        "lastModified": 1642141613,
        "narHash": "sha256-WFS7T5oOLD8anu/77iz7EPz7zQsJZtP5qVa5485k3dI=",
        "owner": "nix-community",
        "repo": "fenix",
        "rev": "d75ffc9f1d3b60bb597e48ae01f486a6de27d30e",
        "type": "github"
      },
      "original": {
        "owner": "nix-community",
        "repo": "fenix",
        "type": "github"
      }
    },
    "flake-utils": {
      "locked": {
        "lastModified": 1629481132,
        "narHash": "sha256-JHgasjPR0/J1J3DRm4KxM4zTyAj4IOJY8vIl75v/kPI=",
        "owner": "numtide",
        "repo": "flake-utils",
        "rev": "997f7efcb746a9c140ce1f13c72263189225f482",
        "type": "github"
      },
      "original": {
        "owner": "numtide",
        "repo": "flake-utils",
        "type": "github"
      }
    },
    "forgit-git": {
      "flake": false,
      "locked": {
        "lastModified": 1638746453,
        "narHash": "sha256-S/alL3CiyedJ8aGhC2Vg9fmLJYcLxDe4EjQns5dZkKM=",
        "owner": "wfxr",
        "repo": "forgit",
        "rev": "7b26cd46ac768af51b8dd4b84b6567c4e1c19642",
        "type": "github"
      },
      "original": {
        "owner": "wfxr",
        "repo": "forgit",
        "type": "github"
      }
    },
    "gitignore": {
      "inputs": {
        "nixpkgs": "nixpkgs_5"
      },
      "locked": {
        "lastModified": 1635165013,
        "narHash": "sha256-o/BdVjNwcB6jOmzZjOH703BesSkkS5O7ej3xhyO8hAY=",
        "owner": "hercules-ci",
        "repo": "gitignore.nix",
        "rev": "5b9e0ff9d3b551234b4f3eb3983744fa354b17f1",
        "type": "github"
      },
      "original": {
        "owner": "hercules-ci",
        "repo": "gitignore.nix",
        "type": "github"
      }
    },
    "home-manager": {
      "inputs": {
        "nixpkgs": "nixpkgs_2"
      },
      "locked": {
        "lastModified": 1642882610,
        "narHash": "sha256-pmdgeJ9v6y+T0UfNQ/Z+Hdv5tPshFFra5JLF/byUA/Y=",
        "owner": "nix-community",
        "repo": "home-manager",
        "rev": "c47c350f6518ed39c2a16e4fadf9137b6c559ddc",
        "type": "github"
      },
      "original": {
        "owner": "nix-community",
        "repo": "home-manager",
        "type": "github"
      }
    },
    "nixpkgs": {
      "locked": {
        "lastModified": 1618628710,
        "narHash": "sha256-9xIoU+BrCpjs5nfWcd/GlU7XCVdnNKJPffoNTxgGfhs=",
        "path": "/nix/store/z1rf17q0fxj935cmplzys4gg6nxj1as0-source",
        "rev": "7919518f0235106d050c77837df5e338fb94de5d",
        "type": "path"
      },
      "original": {
        "id": "nixpkgs",
        "type": "indirect"
      }
    },
    "nixpkgs_2": {
      "locked": {
        "lastModified": 1642970779,
        "narHash": "sha256-wccCiIecPkPE6wpidSRe9XEdJ6uCrNLmRtuhNwt1Kuk=",
        "owner": "NixOS",
        "repo": "nixpkgs",
        "rev": "a3d847c3bd3a3b75b3057d7b3730d3308dd8fd59",
        "type": "github"
      },
      "original": {
        "id": "nixpkgs",
        "type": "indirect"
      }
    },
    "nixpkgs_3": {
      "locked": {
        "lastModified": 1642903813,
        "narHash": "sha256-0lNfGW8sNfyTrixoQhVG00Drl/ECaf5GbfKAQ1ZDoyE=",
        "owner": "nixos",
        "repo": "nixpkgs",
        "rev": "689b76bcf36055afdeb2e9852f5ecdd2bf483f87",
        "type": "github"
      },
      "original": {
        "owner": "nixos",
        "ref": "nixos-unstable",
        "repo": "nixpkgs",
        "type": "github"
      }
    },
    "nixpkgs_4": {
      "locked": {
        "lastModified": 1642903813,
        "narHash": "sha256-0lNfGW8sNfyTrixoQhVG00Drl/ECaf5GbfKAQ1ZDoyE=",
        "owner": "nixos",
        "repo": "nixpkgs",
        "rev": "689b76bcf36055afdeb2e9852f5ecdd2bf483f87",
        "type": "github"
      },
      "original": {
        "owner": "nixos",
        "ref": "nixos-unstable",
        "repo": "nixpkgs",
        "type": "github"
      }
    },
    "nixpkgs_5": {
      "locked": {
        "lastModified": 1642970779,
        "narHash": "sha256-wccCiIecPkPE6wpidSRe9XEdJ6uCrNLmRtuhNwt1Kuk=",
        "owner": "NixOS",
        "repo": "nixpkgs",
        "rev": "a3d847c3bd3a3b75b3057d7b3730d3308dd8fd59",
        "type": "github"
      },
      "original": {
        "id": "nixpkgs",
        "type": "indirect"
      }
    },
    "nixpkgs_6": {
      "locked": {
        "lastModified": 1642069818,
        "narHash": "sha256-666w6j8wl/bojfgpp0k58/UJ5rbrdYFbI2RFT2BXbSQ=",
        "owner": "nixos",
        "repo": "nixpkgs",
        "rev": "46821ea01c8f54d2a20f5a503809abfc605269d7",
        "type": "github"
      },
      "original": {
        "owner": "nixos",
        "ref": "nixpkgs-unstable",
        "repo": "nixpkgs",
        "type": "github"
      }
    },
    "nur": {
      "locked": {
        "lastModified": 1643020104,
        "narHash": "sha256-V7E7rl2CTbqjNdgrK7wnUG1DHvZn7yEMOqW/6wIyUUI=",
        "owner": "nix-community",
        "repo": "NUR",
        "rev": "0fe8dbd215570ba4e18b1dd4e99f71212a2a2811",
        "type": "github"
      },
      "original": {
        "owner": "nix-community",
        "repo": "NUR",
        "type": "github"
      }
    },
    "picom": {
      "flake": false,
      "locked": {
        "lastModified": 1606582992,
        "narHash": "sha256-R+YUGBrLst6CpUgG9VCwaZ+LiBSDWTp0TLt1Ou4xmpQ=",
        "owner": "jonaburg",
        "repo": "picom",
        "rev": "a8445684fe18946604848efb73ace9457b29bf80",
        "type": "github"
      },
      "original": {
        "owner": "jonaburg",
        "repo": "picom",
        "type": "github"
      }
    },
    "root": {
      "inputs": {
        "agenix": "agenix",
        "emacs-overlay": "emacs-overlay",
        "forgit-git": "forgit-git",
        "home-manager": "home-manager",
        "nixpkgs": "nixpkgs_3",
        "nur": "nur",
        "picom": "picom",
        "stable": "stable",
        "statix": "statix",
        "utils": "utils"
      }
    },
    "rust-analyzer-src": {
      "flake": false,
      "locked": {
        "lastModified": 1642101527,
        "narHash": "sha256-C4zcaWULWlrirpEt/pA85CCMBt+7SWZweMaMJ7EvrXw=",
        "owner": "rust-analyzer",
        "repo": "rust-analyzer",
        "rev": "b4c31481a554d0132003228ba319bd9476fe85ae",
        "type": "github"
      },
      "original": {
        "owner": "rust-analyzer",
        "ref": "nightly",
        "repo": "rust-analyzer",
        "type": "github"
      }
    },
    "stable": {
      "locked": {
        "lastModified": 1642961095,
        "narHash": "sha256-RLatktZmvwFBOyqdoIk4qdS4OGKB7aKIvvs4ZP2L8D8=",
        "owner": "nixos",
        "repo": "nixpkgs",
        "rev": "604c44137d97b5111be1ca5c0d97f6e24fbc5c2c",
        "type": "github"
      },
      "original": {
        "owner": "nixos",
        "ref": "nixos-21.11",
        "repo": "nixpkgs",
        "type": "github"
      }
    },
    "statix": {
      "inputs": {
        "fenix": "fenix",
        "gitignore": "gitignore",
        "nixpkgs": "nixpkgs_6"
      },
      "locked": {
        "lastModified": 1642912683,
        "narHash": "sha256-Q7DElhLh10fK3qf+8IAPwi0JY+rPVqx2CNafxvNKNEg=",
        "owner": "nerdypepper",
        "repo": "statix",
        "rev": "7cc887807552b2286c0db5806a9426b3bb50a2be",
        "type": "github"
      },
      "original": {
        "owner": "nerdypepper",
        "repo": "statix",
        "type": "github"
      }
    },
    "utils": {
      "inputs": {
        "flake-utils": "flake-utils"
      },
      "locked": {
        "lastModified": 1630860118,
        "narHash": "sha256-JwLcC/zRR6ypk4/Ks7plWBvThYoLhURaH2zvjuWVmyA=",
        "owner": "gytis-ivaskevicius",
        "repo": "flake-utils-plus",
        "rev": "813281281363ec45af155c8d2ceb7c5132d4de45",
        "type": "github"
      },
      "original": {
        "owner": "gytis-ivaskevicius",
        "ref": "1.3.0",
        "repo": "flake-utils-plus",
        "type": "github"
      }
    }
  },
  "root": "root",
  "version": 7
}
